
Microsoft Visual Studio Solution File, Format Version 12.00
# Visual Studio 2012
Project("{FAE04EC0-301F-11D3-BF4B-00C04F79EFBC}") = "ebrickkiln", "ussmain\ebrickkiln.csproj", "{E9520998-8168-4DD5-BE88-3063431FE2E7}"
EndProject
Project("{FAE04EC0-301F-11D3-BF4B-00C04F79EFBC}") = "R.DAL", "DAL\R.DAL.csproj", "{FF26B176-D6DB-4A12-8B98-B6BF0507DD7F}"
EndProject
Project("{FAE04EC0-301F-11D3-BF4B-00C04F79EFBC}") = "R.BAL", "BAL\R.BAL.csproj", "{29438B5A-E05C-44B8-9EB7-2BA7EA49E905}"
EndProject
Project("{FAE04EC0-301F-11D3-BF4B-00C04F79EFBC}") = "R.BusinessEntities", "BusinessEntities\R.BusinessEntities.csproj", "{C0391588-5534-474B-B060-820A1BA35B94}"
EndProject
Project("{FAE04EC0-301F-11D3-BF4B-00C04F79EFBC}") = "R.Resolver", "Resolver\R.Resolver.csproj", "{A932C5EA-03F1-429F-8CE7-9B71FE7D5580}"
EndProject
Global
	GlobalSection(SolutionConfigurationPlatforms) = preSolution
		Debug|Any CPU = Debug|Any CPU
		Release|Any CPU = Release|Any CPU
	EndGlobalSection
	GlobalSection(ProjectConfigurationPlatforms) = postSolution
		{E9520998-8168-4DD5-BE88-3063431FE2E7}.Debug|Any CPU.ActiveCfg = Debug|Any CPU
		{E9520998-8168-4DD5-BE88-3063431FE2E7}.Debug|Any CPU.Build.0 = Debug|Any CPU
		{E9520998-8168-4DD5-BE88-3063431FE2E7}.Release|Any CPU.ActiveCfg = Release|Any CPU
		{E9520998-8168-4DD5-BE88-3063431FE2E7}.Release|Any CPU.Build.0 = Release|Any CPU
		{FF26B176-D6DB-4A12-8B98-B6BF0507DD7F}.Debug|Any CPU.ActiveCfg = Debug|Any CPU
		{FF26B176-D6DB-4A12-8B98-B6BF0507DD7F}.Debug|Any CPU.Build.0 = Debug|Any CPU
		{FF26B176-D6DB-4A12-8B98-B6BF0507DD7F}.Release|Any CPU.ActiveCfg = Release|Any CPU
		{FF26B176-D6DB-4A12-8B98-B6BF0507DD7F}.Release|Any CPU.Build.0 = Release|Any CPU
		{29438B5A-E05C-44B8-9EB7-2BA7EA49E905}.Debug|Any CPU.ActiveCfg = Debug|Any CPU
		{29438B5A-E05C-44B8-9EB7-2BA7EA49E905}.Debug|Any CPU.Build.0 = Debug|Any CPU
		{29438B5A-E05C-44B8-9EB7-2BA7EA49E905}.Release|Any CPU.ActiveCfg = Release|Any CPU
		{29438B5A-E05C-44B8-9EB7-2BA7EA49E905}.Release|Any CPU.Build.0 = Release|Any CPU
		{C0391588-5534-474B-B060-820A1BA35B94}.Debug|Any CPU.ActiveCfg = Debug|Any CPU
		{C0391588-5534-474B-B060-820A1BA35B94}.Debug|Any CPU.Build.0 = Debug|Any CPU
		{C0391588-5534-474B-B060-820A1BA35B94}.Release|Any CPU.ActiveCfg = Release|Any CPU
		{C0391588-5534-474B-B060-820A1BA35B94}.Release|Any CPU.Build.0 = Release|Any CPU
		{A932C5EA-03F1-429F-8CE7-9B71FE7D5580}.Debug|Any CPU.ActiveCfg = Debug|Any CPU
		{A932C5EA-03F1-429F-8CE7-9B71FE7D5580}.Debug|Any CPU.Build.0 = Debug|Any CPU
		{A932C5EA-03F1-429F-8CE7-9B71FE7D5580}.Release|Any CPU.ActiveCfg = Release|Any CPU
		{A932C5EA-03F1-429F-8CE7-9B71FE7D5580}.Release|Any CPU.Build.0 = Release|Any CPU
	EndGlobalSection
	GlobalSection(SolutionProperties) = preSolution
		HideSolutionNode = FALSE
	EndGlobalSection
EndGlobal
